// !$*UTF8*$!
{
	archiveVersion = 1;
	classes = {
	};
	objectVersion = 50;
	objects = {

/* Begin PBXBuildFile section */
		043E183B26DE64A700A2C137 /* PageViewController.swift in Sources */ = {isa = PBXBuildFile; fileRef = 043E183A26DE64A700A2C137 /* PageViewController.swift */; };
		043E183D26DE662D00A2C137 /* FeatureCard.swift in Sources */ = {isa = PBXBuildFile; fileRef = 043E183C26DE662D00A2C137 /* FeatureCard.swift */; };
		043E183F26DE67D200A2C137 /* PageView.swift in Sources */ = {isa = PBXBuildFile; fileRef = 043E183E26DE67D200A2C137 /* PageView.swift */; };
		043E184126DE6D3900A2C137 /* PageControl.swift in Sources */ = {isa = PBXBuildFile; fileRef = 043E184026DE6D3900A2C137 /* PageControl.swift */; };
		04A827EF26DE21710029B9D9 /* LandmarksApp.swift in Sources */ = {isa = PBXBuildFile; fileRef = 04A827EE26DE21710029B9D9 /* LandmarksApp.swift */; };
		04A827F126DE21710029B9D9 /* ContentView.swift in Sources */ = {isa = PBXBuildFile; fileRef = 04A827F026DE21710029B9D9 /* ContentView.swift */; };
		04A827F326DE21720029B9D9 /* Assets.xcassets in Resources */ = {isa = PBXBuildFile; fileRef = 04A827F226DE21720029B9D9 /* Assets.xcassets */; };
		04A827F626DE21720029B9D9 /* Preview Assets.xcassets in Resources */ = {isa = PBXBuildFile; fileRef = 04A827F526DE21720029B9D9 /* Preview Assets.xcassets */; };
		04A827FE26DE2C9C0029B9D9 /* CircleImage.swift in Sources */ = {isa = PBXBuildFile; fileRef = 04A827FD26DE2C9C0029B9D9 /* CircleImage.swift */; };
		04A8280026DE2D3A0029B9D9 /* MapView.swift in Sources */ = {isa = PBXBuildFile; fileRef = 04A827FF26DE2D3A0029B9D9 /* MapView.swift */; };
		04A8280226DE2FCA0029B9D9 /* landmarkData.json in Resources */ = {isa = PBXBuildFile; fileRef = 04A8280126DE2FCA0029B9D9 /* landmarkData.json */; };
		04A8280426DE2FDB0029B9D9 /* Landmark.swift in Sources */ = {isa = PBXBuildFile; fileRef = 04A8280326DE2FDB0029B9D9 /* Landmark.swift */; };
		04A8280626DE30E00029B9D9 /* ModelData.swift in Sources */ = {isa = PBXBuildFile; fileRef = 04A8280526DE30E00029B9D9 /* ModelData.swift */; };
		04A8280B26DE32670029B9D9 /* LandmarkRow.swift in Sources */ = {isa = PBXBuildFile; fileRef = 04A8280A26DE32670029B9D9 /* LandmarkRow.swift */; };
		04A8280D26DE35F20029B9D9 /* LandmarkList.swift in Sources */ = {isa = PBXBuildFile; fileRef = 04A8280C26DE35F20029B9D9 /* LandmarkList.swift */; };
		04A8280F26DE36A70029B9D9 /* LandmarkDetail.swift in Sources */ = {isa = PBXBuildFile; fileRef = 04A8280E26DE36A70029B9D9 /* LandmarkDetail.swift */; };
		04A8281126DE3DAE0029B9D9 /* FavoriteButton.swift in Sources */ = {isa = PBXBuildFile; fileRef = 04A8281026DE3DAE0029B9D9 /* FavoriteButton.swift */; };
		04A8281526DE3F950029B9D9 /* HexagonParameters.swift in Sources */ = {isa = PBXBuildFile; fileRef = 04A8281426DE3F950029B9D9 /* HexagonParameters.swift */; };
		04A8281726DE40500029B9D9 /* BadgeBackground.swift in Sources */ = {isa = PBXBuildFile; fileRef = 04A8281626DE40500029B9D9 /* BadgeBackground.swift */; };
		04CE358826DE4CED00BC72C2 /* BadgeSymbol.swift in Sources */ = {isa = PBXBuildFile; fileRef = 04CE358726DE4CED00BC72C2 /* BadgeSymbol.swift */; };
		04CE358A26DE4D4B00BC72C2 /* RotatedBadgeSymbol.swift in Sources */ = {isa = PBXBuildFile; fileRef = 04CE358926DE4D4B00BC72C2 /* RotatedBadgeSymbol.swift */; };
		04CE358C26DE4D9300BC72C2 /* Badge.swift in Sources */ = {isa = PBXBuildFile; fileRef = 04CE358B26DE4D9300BC72C2 /* Badge.swift */; };
		04CE358F26DE4F1A00BC72C2 /* hikeData.json in Resources */ = {isa = PBXBuildFile; fileRef = 04CE358E26DE4F1A00BC72C2 /* hikeData.json */; };
		04CE359126DE4F3000BC72C2 /* Hike.swift in Sources */ = {isa = PBXBuildFile; fileRef = 04CE359026DE4F3000BC72C2 /* Hike.swift */; };
		04CE359726DE500800BC72C2 /* GraphCapsule.swift in Sources */ = {isa = PBXBuildFile; fileRef = 04CE359326DE500800BC72C2 /* GraphCapsule.swift */; };
		04CE359826DE500800BC72C2 /* HikeGraph.swift in Sources */ = {isa = PBXBuildFile; fileRef = 04CE359426DE500800BC72C2 /* HikeGraph.swift */; };
		04CE359926DE500800BC72C2 /* HikeDetail.swift in Sources */ = {isa = PBXBuildFile; fileRef = 04CE359526DE500800BC72C2 /* HikeDetail.swift */; };
		04CE359A26DE500800BC72C2 /* HikeView.swift in Sources */ = {isa = PBXBuildFile; fileRef = 04CE359626DE500800BC72C2 /* HikeView.swift */; };
		04CE359D26DE538900BC72C2 /* CategoryHome.swift in Sources */ = {isa = PBXBuildFile; fileRef = 04CE359C26DE538900BC72C2 /* CategoryHome.swift */; };
		04CE359F26DE558200BC72C2 /* CategoryRow.swift in Sources */ = {isa = PBXBuildFile; fileRef = 04CE359E26DE558200BC72C2 /* CategoryRow.swift */; };
		04CE35A126DE569600BC72C2 /* CategoryItem.swift in Sources */ = {isa = PBXBuildFile; fileRef = 04CE35A026DE569600BC72C2 /* CategoryItem.swift */; };
		04CE35A326DE5A8100BC72C2 /* Profile.swift in Sources */ = {isa = PBXBuildFile; fileRef = 04CE35A226DE5A8100BC72C2 /* Profile.swift */; };
		04CE35A626DE5B1100BC72C2 /* ProfileHost.swift in Sources */ = {isa = PBXBuildFile; fileRef = 04CE35A526DE5B1100BC72C2 /* ProfileHost.swift */; };
		04CE35A826DE5B4C00BC72C2 /* ProfileSummary.swift in Sources */ = {isa = PBXBuildFile; fileRef = 04CE35A726DE5B4C00BC72C2 /* ProfileSummary.swift */; };
		04CE35AA26DE5C6E00BC72C2 /* HikeBadge.swift in Sources */ = {isa = PBXBuildFile; fileRef = 04CE35A926DE5C6E00BC72C2 /* HikeBadge.swift */; };
		04CE35AC26DE606600BC72C2 /* ProfileEditor.swift in Sources */ = {isa = PBXBuildFile; fileRef = 04CE35AB26DE606600BC72C2 /* ProfileEditor.swift */; };
/* End PBXBuildFile section */

/* Begin PBXFileReference section */
		043E183A26DE64A700A2C137 /* PageViewController.swift */ = {isa = PBXFileReference; lastKnownFileType = sourcecode.swift; path = PageViewController.swift; sourceTree = "<group>"; };
		043E183C26DE662D00A2C137 /* FeatureCard.swift */ = {isa = PBXFileReference; lastKnownFileType = sourcecode.swift; path = FeatureCard.swift; sourceTree = "<group>"; };
		043E183E26DE67D200A2C137 /* PageView.swift */ = {isa = PBXFileReference; lastKnownFileType = sourcecode.swift; path = PageView.swift; sourceTree = "<group>"; };
		043E184026DE6D3900A2C137 /* PageControl.swift */ = {isa = PBXFileReference; lastKnownFileType = sourcecode.swift; path = PageControl.swift; sourceTree = "<group>"; };
		04A827EB26DE21710029B9D9 /* Landmarks.app */ = {isa = PBXFileReference; explicitFileType = wrapper.application; includeInIndex = 0; path = Landmarks.app; sourceTree = BUILT_PRODUCTS_DIR; };
		04A827EE26DE21710029B9D9 /* LandmarksApp.swift */ = {isa = PBXFileReference; lastKnownFileType = sourcecode.swift; path = LandmarksApp.swift; sourceTree = "<group>"; };
		04A827F026DE21710029B9D9 /* ContentView.swift */ = {isa = PBXFileReference; lastKnownFileType = sourcecode.swift; path = ContentView.swift; sourceTree = "<group>"; };
		04A827F226DE21720029B9D9 /* Assets.xcassets */ = {isa = PBXFileReference; lastKnownFileType = folder.assetcatalog; path = Assets.xcassets; sourceTree = "<group>"; };
		04A827F526DE21720029B9D9 /* Preview Assets.xcassets */ = {isa = PBXFileReference; lastKnownFileType = folder.assetcatalog; path = "Preview Assets.xcassets"; sourceTree = "<group>"; };
		04A827F726DE21720029B9D9 /* Info.plist */ = {isa = PBXFileReference; lastKnownFileType = text.plist.xml; path = Info.plist; sourceTree = "<group>"; };
		04A827FD26DE2C9C0029B9D9 /* CircleImage.swift */ = {isa = PBXFileReference; lastKnownFileType = sourcecode.swift; path = CircleImage.swift; sourceTree = "<group>"; };
		04A827FF26DE2D3A0029B9D9 /* MapView.swift */ = {isa = PBXFileReference; lastKnownFileType = sourcecode.swift; path = MapView.swift; sourceTree = "<group>"; };
		04A8280126DE2FCA0029B9D9 /* landmarkData.json */ = {isa = PBXFileReference; fileEncoding = 4; lastKnownFileType = text.json; path = landmarkData.json; sourceTree = "<group>"; };
		04A8280326DE2FDB0029B9D9 /* Landmark.swift */ = {isa = PBXFileReference; lastKnownFileType = sourcecode.swift; path = Landmark.swift; sourceTree = "<group>"; };
		04A8280526DE30E00029B9D9 /* ModelData.swift */ = {isa = PBXFileReference; lastKnownFileType = sourcecode.swift; path = ModelData.swift; sourceTree = "<group>"; };
		04A8280A26DE32670029B9D9 /* LandmarkRow.swift */ = {isa = PBXFileReference; lastKnownFileType = sourcecode.swift; path = LandmarkRow.swift; sourceTree = "<group>"; };
		04A8280C26DE35F20029B9D9 /* LandmarkList.swift */ = {isa = PBXFileReference; lastKnownFileType = sourcecode.swift; path = LandmarkList.swift; sourceTree = "<group>"; };
		04A8280E26DE36A70029B9D9 /* LandmarkDetail.swift */ = {isa = PBXFileReference; lastKnownFileType = sourcecode.swift; path = LandmarkDetail.swift; sourceTree = "<group>"; };
		04A8281026DE3DAE0029B9D9 /* FavoriteButton.swift */ = {isa = PBXFileReference; lastKnownFileType = sourcecode.swift; path = FavoriteButton.swift; sourceTree = "<group>"; };
		04A8281426DE3F950029B9D9 /* HexagonParameters.swift */ = {isa = PBXFileReference; lastKnownFileType = sourcecode.swift; path = HexagonParameters.swift; sourceTree = "<group>"; };
		04A8281626DE40500029B9D9 /* BadgeBackground.swift */ = {isa = PBXFileReference; lastKnownFileType = sourcecode.swift; path = BadgeBackground.swift; sourceTree = "<group>"; };
		04CE358726DE4CED00BC72C2 /* BadgeSymbol.swift */ = {isa = PBXFileReference; lastKnownFileType = sourcecode.swift; path = BadgeSymbol.swift; sourceTree = "<group>"; };
		04CE358926DE4D4B00BC72C2 /* RotatedBadgeSymbol.swift */ = {isa = PBXFileReference; lastKnownFileType = sourcecode.swift; path = RotatedBadgeSymbol.swift; sourceTree = "<group>"; };
		04CE358B26DE4D9300BC72C2 /* Badge.swift */ = {isa = PBXFileReference; lastKnownFileType = sourcecode.swift; path = Badge.swift; sourceTree = "<group>"; };
		04CE358E26DE4F1A00BC72C2 /* hikeData.json */ = {isa = PBXFileReference; fileEncoding = 4; lastKnownFileType = text.json; path = hikeData.json; sourceTree = "<group>"; };
		04CE359026DE4F3000BC72C2 /* Hike.swift */ = {isa = PBXFileReference; lastKnownFileType = sourcecode.swift; path = Hike.swift; sourceTree = SOURCE_ROOT; };
		04CE359326DE500800BC72C2 /* GraphCapsule.swift */ = {isa = PBXFileReference; fileEncoding = 4; lastKnownFileType = sourcecode.swift; path = GraphCapsule.swift; sourceTree = "<group>"; };
		04CE359426DE500800BC72C2 /* HikeGraph.swift */ = {isa = PBXFileReference; fileEncoding = 4; lastKnownFileType = sourcecode.swift; path = HikeGraph.swift; sourceTree = "<group>"; };
		04CE359526DE500800BC72C2 /* HikeDetail.swift */ = {isa = PBXFileReference; fileEncoding = 4; lastKnownFileType = sourcecode.swift; path = HikeDetail.swift; sourceTree = "<group>"; };
		04CE359626DE500800BC72C2 /* HikeView.swift */ = {isa = PBXFileReference; fileEncoding = 4; lastKnownFileType = sourcecode.swift; path = HikeView.swift; sourceTree = "<group>"; };
		04CE359C26DE538900BC72C2 /* CategoryHome.swift */ = {isa = PBXFileReference; lastKnownFileType = sourcecode.swift; path = CategoryHome.swift; sourceTree = "<group>"; };
		04CE359E26DE558200BC72C2 /* CategoryRow.swift */ = {isa = PBXFileReference; lastKnownFileType = sourcecode.swift; path = CategoryRow.swift; sourceTree = "<group>"; };
		04CE35A026DE569600BC72C2 /* CategoryItem.swift */ = {isa = PBXFileReference; lastKnownFileType = sourcecode.swift; path = CategoryItem.swift; sourceTree = "<group>"; };
		04CE35A226DE5A8100BC72C2 /* Profile.swift */ = {isa = PBXFileReference; lastKnownFileType = sourcecode.swift; path = Profile.swift; sourceTree = "<group>"; };
		04CE35A526DE5B1100BC72C2 /* ProfileHost.swift */ = {isa = PBXFileReference; lastKnownFileType = sourcecode.swift; path = ProfileHost.swift; sourceTree = "<group>"; };
		04CE35A726DE5B4C00BC72C2 /* ProfileSummary.swift */ = {isa = PBXFileReference; lastKnownFileType = sourcecode.swift; path = ProfileSummary.swift; sourceTree = "<group>"; };
		04CE35A926DE5C6E00BC72C2 /* HikeBadge.swift */ = {isa = PBXFileReference; lastKnownFileType = sourcecode.swift; path = HikeBadge.swift; sourceTree = "<group>"; };
		04CE35AB26DE606600BC72C2 /* ProfileEditor.swift */ = {isa = PBXFileReference; lastKnownFileType = sourcecode.swift; path = ProfileEditor.swift; sourceTree = "<group>"; };
/* End PBXFileReference section */

/* Begin PBXFrameworksBuildPhase section */
		04A827E826DE21710029B9D9 /* Frameworks */ = {
			isa = PBXFrameworksBuildPhase;
			buildActionMask = 2147483647;
			files = (
			);
			runOnlyForDeploymentPostprocessing = 0;
		};
/* End PBXFrameworksBuildPhase section */

/* Begin PBXGroup section */
		043E183926DE648600A2C137 /* PageView */ = {
			isa = PBXGroup;
			children = (
				043E183C26DE662D00A2C137 /* FeatureCard.swift */,
				043E183E26DE67D200A2C137 /* PageView.swift */,
				043E183A26DE64A700A2C137 /* PageViewController.swift */,
				043E184026DE6D3900A2C137 /* PageControl.swift */,
			);
			path = PageView;
			sourceTree = "<group>";
		};
		04A827E226DE21710029B9D9 = {
			isa = PBXGroup;
			children = (
				04A827ED26DE21710029B9D9 /* Landmarks */,
				04A827EC26DE21710029B9D9 /* Products */,
			);
			sourceTree = "<group>";
		};
		04A827EC26DE21710029B9D9 /* Products */ = {
			isa = PBXGroup;
			children = (
				04A827EB26DE21710029B9D9 /* Landmarks.app */,
			);
			name = Products;
			sourceTree = "<group>";
		};
		04A827ED26DE21710029B9D9 /* Landmarks */ = {
			isa = PBXGroup;
			children = (
				04A827F226DE21720029B9D9 /* Assets.xcassets */,
				04A827F726DE21720029B9D9 /* Info.plist */,
				04A827EE26DE21710029B9D9 /* LandmarksApp.swift */,
				04A8280826DE32110029B9D9 /* Model */,
				04A827F426DE21720029B9D9 /* Preview Content */,
				04A8280926DE321C0029B9D9 /* Resources */,
				04A8280726DE32020029B9D9 /* Views */,
			);
			path = Landmarks;
			sourceTree = "<group>";
		};
		04A827F426DE21720029B9D9 /* Preview Content */ = {
			isa = PBXGroup;
			children = (
				04A827F526DE21720029B9D9 /* Preview Assets.xcassets */,
			);
			path = "Preview Content";
			sourceTree = "<group>";
		};
		04A8280726DE32020029B9D9 /* Views */ = {
			isa = PBXGroup;
			children = (
				043E183926DE648600A2C137 /* PageView */,
				04CE35A426DE5B0300BC72C2 /* Profiles */,
				04CE359B26DE537A00BC72C2 /* Categories */,
				04CE358D26DE4E1500BC72C2 /* Badge */,
				04A827F026DE21710029B9D9 /* ContentView.swift */,
				04A8281226DE3E2B0029B9D9 /* Helpers */,
				04CE359226DE500800BC72C2 /* Hikes */,
				04A8281326DE3E330029B9D9 /* Landmarks */,
			);
			path = Views;
			sourceTree = "<group>";
		};
		04A8280826DE32110029B9D9 /* Model */ = {
			isa = PBXGroup;
			children = (
				04CE359026DE4F3000BC72C2 /* Hike.swift */,
				04A8280326DE2FDB0029B9D9 /* Landmark.swift */,
				04A8280526DE30E00029B9D9 /* ModelData.swift */,
				04CE35A226DE5A8100BC72C2 /* Profile.swift */,
			);
			path = Model;
			sourceTree = "<group>";
		};
		04A8280926DE321C0029B9D9 /* Resources */ = {
			isa = PBXGroup;
			children = (
				04CE358E26DE4F1A00BC72C2 /* hikeData.json */,
				04A8280126DE2FCA0029B9D9 /* landmarkData.json */,
			);
			path = Resources;
			sourceTree = "<group>";
		};
		04A8281226DE3E2B0029B9D9 /* Helpers */ = {
			isa = PBXGroup;
			children = (
				04A827FD26DE2C9C0029B9D9 /* CircleImage.swift */,
				04A8281026DE3DAE0029B9D9 /* FavoriteButton.swift */,
				04A827FF26DE2D3A0029B9D9 /* MapView.swift */,
			);
			path = Helpers;
			sourceTree = "<group>";
		};
		04A8281326DE3E330029B9D9 /* Landmarks */ = {
			isa = PBXGroup;
			children = (
				04A8280E26DE36A70029B9D9 /* LandmarkDetail.swift */,
				04A8280C26DE35F20029B9D9 /* LandmarkList.swift */,
				04A8280A26DE32670029B9D9 /* LandmarkRow.swift */,
			);
			path = Landmarks;
			sourceTree = "<group>";
		};
		04CE358D26DE4E1500BC72C2 /* Badge */ = {
			isa = PBXGroup;
			children = (
				04CE358B26DE4D9300BC72C2 /* Badge.swift */,
				04A8281626DE40500029B9D9 /* BadgeBackground.swift */,
				04CE358726DE4CED00BC72C2 /* BadgeSymbol.swift */,
				04A8281426DE3F950029B9D9 /* HexagonParameters.swift */,
				04CE358926DE4D4B00BC72C2 /* RotatedBadgeSymbol.swift */,
			);
			path = Badge;
			sourceTree = "<group>";
		};
		04CE359226DE500800BC72C2 /* Hikes */ = {
			isa = PBXGroup;
			children = (
				04CE359326DE500800BC72C2 /* GraphCapsule.swift */,
				04CE359526DE500800BC72C2 /* HikeDetail.swift */,
				04CE359426DE500800BC72C2 /* HikeGraph.swift */,
				04CE359626DE500800BC72C2 /* HikeView.swift */,
				04CE35A926DE5C6E00BC72C2 /* HikeBadge.swift */,
			);
			path = Hikes;
			sourceTree = "<group>";
		};
		04CE359B26DE537A00BC72C2 /* Categories */ = {
			isa = PBXGroup;
			children = (
				04CE359E26DE558200BC72C2 /* CategoryRow.swift */,
				04CE35A026DE569600BC72C2 /* CategoryItem.swift */,
				04CE359C26DE538900BC72C2 /* CategoryHome.swift */,
			);
			path = Categories;
			sourceTree = "<group>";
		};
		04CE35A426DE5B0300BC72C2 /* Profiles */ = {
			isa = PBXGroup;
			children = (
				04CE35A526DE5B1100BC72C2 /* ProfileHost.swift */,
				04CE35AB26DE606600BC72C2 /* ProfileEditor.swift */,
				04CE35A726DE5B4C00BC72C2 /* ProfileSummary.swift */,
			);
			path = Profiles;
			sourceTree = "<group>";
		};
/* End PBXGroup section */

/* Begin PBXNativeTarget section */
		04A827EA26DE21710029B9D9 /* Landmarks */ = {
			isa = PBXNativeTarget;
			buildConfigurationList = 04A827FA26DE21720029B9D9 /* Build configuration list for PBXNativeTarget "Landmarks" */;
			buildPhases = (
				04A827E726DE21710029B9D9 /* Sources */,
				04A827E826DE21710029B9D9 /* Frameworks */,
				04A827E926DE21710029B9D9 /* Resources */,
			);
			buildRules = (
			);
			dependencies = (
			);
			name = Landmarks;
			productName = Landmarks;
			productReference = 04A827EB26DE21710029B9D9 /* Landmarks.app */;
			productType = "com.apple.product-type.application";
		};
/* End PBXNativeTarget section */

/* Begin PBXProject section */
		04A827E326DE21710029B9D9 /* Project object */ = {
			isa = PBXProject;
			attributes = {
				LastSwiftUpdateCheck = 1250;
				LastUpgradeCheck = 1250;
				TargetAttributes = {
					04A827EA26DE21710029B9D9 = {
						CreatedOnToolsVersion = 12.5.1;
					};
				};
			};
			buildConfigurationList = 04A827E626DE21710029B9D9 /* Build configuration list for PBXProject "Landmarks" */;
			compatibilityVersion = "Xcode 9.3";
			developmentRegion = en;
			hasScannedForEncodings = 0;
			knownRegions = (
				en,
				Base,
			);
			mainGroup = 04A827E226DE21710029B9D9;
			productRefGroup = 04A827EC26DE21710029B9D9 /* Products */;
			projectDirPath = "";
			projectRoot = "";
			targets = (
				04A827EA26DE21710029B9D9 /* Landmarks */,
			);
		};
/* End PBXProject section */

/* Begin PBXResourcesBuildPhase section */
		04A827E926DE21710029B9D9 /* Resources */ = {
			isa = PBXResourcesBuildPhase;
			buildActionMask = 2147483647;
			files = (
				04CE358F26DE4F1A00BC72C2 /* hikeData.json in Resources */,
				04A827F626DE21720029B9D9 /* Preview Assets.xcassets in Resources */,
				04A827F326DE21720029B9D9 /* Assets.xcassets in Resources */,
				04A8280226DE2FCA0029B9D9 /* landmarkData.json in Resources */,
			);
			runOnlyForDeploymentPostprocessing = 0;
		};
/* End PBXResourcesBuildPhase section */

/* Begin PBXSourcesBuildPhase section */
		04A827E726DE21710029B9D9 /* Sources */ = {
			isa = PBXSourcesBuildPhase;
			buildActionMask = 2147483647;
			files = (
				04CE359F26DE558200BC72C2 /* CategoryRow.swift in Sources */,
				04CE35A326DE5A8100BC72C2 /* Profile.swift in Sources */,
				04A827F126DE21710029B9D9 /* ContentView.swift in Sources */,
				04CE359D26DE538900BC72C2 /* CategoryHome.swift in Sources */,
				043E183D26DE662D00A2C137 /* FeatureCard.swift in Sources */,
				04CE359826DE500800BC72C2 /* HikeGraph.swift in Sources */,
				04CE358C26DE4D9300BC72C2 /* Badge.swift in Sources */,
				04A8280026DE2D3A0029B9D9 /* MapView.swift in Sources */,
				04CE359726DE500800BC72C2 /* GraphCapsule.swift in Sources */,
				04A827EF26DE21710029B9D9 /* LandmarksApp.swift in Sources */,
				043E184126DE6D3900A2C137 /* PageControl.swift in Sources */,
				04A8281126DE3DAE0029B9D9 /* FavoriteButton.swift in Sources */,
				04CE35A126DE569600BC72C2 /* CategoryItem.swift in Sources */,
				04CE359926DE500800BC72C2 /* HikeDetail.swift in Sources */,
				04CE35A826DE5B4C00BC72C2 /* ProfileSummary.swift in Sources */,
				04A8281526DE3F950029B9D9 /* HexagonParameters.swift in Sources */,
				04CE35A626DE5B1100BC72C2 /* ProfileHost.swift in Sources */,
				04CE359126DE4F3000BC72C2 /* Hike.swift in Sources */,
				04CE358A26DE4D4B00BC72C2 /* RotatedBadgeSymbol.swift in Sources */,
				043E183F26DE67D200A2C137 /* PageView.swift in Sources */,
				04CE358826DE4CED00BC72C2 /* BadgeSymbol.swift in Sources */,
				04CE35AC26DE606600BC72C2 /* ProfileEditor.swift in Sources */,
				04A8280D26DE35F20029B9D9 /* LandmarkList.swift in Sources */,
				04CE359A26DE500800BC72C2 /* HikeView.swift in Sources */,
				04A8280F26DE36A70029B9D9 /* LandmarkDetail.swift in Sources */,
				043E183B26DE64A700A2C137 /* PageViewController.swift in Sources */,
				04A8281726DE40500029B9D9 /* BadgeBackground.swift in Sources */,
				04CE35AA26DE5C6E00BC72C2 /* HikeBadge.swift in Sources */,
				04A827FE26DE2C9C0029B9D9 /* CircleImage.swift in Sources */,
				04A8280426DE2FDB0029B9D9 /* Landmark.swift in Sources */,
				04A8280B26DE32670029B9D9 /* LandmarkRow.swift in Sources */,
				04A8280626DE30E00029B9D9 /* ModelData.swift in Sources */,
			);
			runOnlyForDeploymentPostprocessing = 0;
		};
/* End PBXSourcesBuildPhase section */

/* Begin XCBuildConfiguration section */
		04A827F826DE21720029B9D9 /* Debug */ = {
			isa = XCBuildConfiguration;
			buildSettings = {
				ALWAYS_SEARCH_USER_PATHS = NO;
				CLANG_ANALYZER_NONNULL = YES;
				CLANG_ANALYZER_NUMBER_OBJECT_CONVERSION = YES_AGGRESSIVE;
				CLANG_CXX_LANGUAGE_STANDARD = "gnu++14";
				CLANG_CXX_LIBRARY = "libc++";
				CLANG_ENABLE_MODULES = YES;
				CLANG_ENABLE_OBJC_ARC = YES;
				CLANG_ENABLE_OBJC_WEAK = YES;
				CLANG_WARN_BLOCK_CAPTURE_AUTORELEASING = YES;
				CLANG_WARN_BOOL_CONVERSION = YES;
				CLANG_WARN_COMMA = YES;
				CLANG_WARN_CONSTANT_CONVERSION = YES;
				CLANG_WARN_DEPRECATED_OBJC_IMPLEMENTATIONS = YES;
				CLANG_WARN_DIRECT_OBJC_ISA_USAGE = YES_ERROR;
				CLANG_WARN_DOCUMENTATION_COMMENTS = YES;
				CLANG_WARN_EMPTY_BODY = YES;
				CLANG_WARN_ENUM_CONVERSION = YES;
				CLANG_WARN_INFINITE_RECURSION = YES;
				CLANG_WARN_INT_CONVERSION = YES;
				CLANG_WARN_NON_LITERAL_NULL_CONVERSION = YES;
				CLANG_WARN_OBJC_IMPLICIT_RETAIN_SELF = YES;
				CLANG_WARN_OBJC_LITERAL_CONVERSION = YES;
				CLANG_WARN_OBJC_ROOT_CLASS = YES_ERROR;
				CLANG_WARN_QUOTED_INCLUDE_IN_FRAMEWORK_HEADER = YES;
				CLANG_WARN_RANGE_LOOP_ANALYSIS = YES;
				CLANG_WARN_STRICT_PROTOTYPES = YES;
				CLANG_WARN_SUSPICIOUS_MOVE = YES;
				CLANG_WARN_UNGUARDED_AVAILABILITY = YES_AGGRESSIVE;
				CLANG_WARN_UNREACHABLE_CODE = YES;
				CLANG_WARN__DUPLICATE_METHOD_MATCH = YES;
				COPY_PHASE_STRIP = NO;
				DEBUG_INFORMATION_FORMAT = dwarf;
				ENABLE_STRICT_OBJC_MSGSEND = YES;
				ENABLE_TESTABILITY = YES;
				GCC_C_LANGUAGE_STANDARD = gnu11;
				GCC_DYNAMIC_NO_PIC = NO;
				GCC_NO_COMMON_BLOCKS = YES;
				GCC_OPTIMIZATION_LEVEL = 0;
				GCC_PREPROCESSOR_DEFINITIONS = (
					"DEBUG=1",
					"$(inherited)",
				);
				GCC_WARN_64_TO_32_BIT_CONVERSION = YES;
				GCC_WARN_ABOUT_RETURN_TYPE = YES_ERROR;
				GCC_WARN_UNDECLARED_SELECTOR = YES;
				GCC_WARN_UNINITIALIZED_AUTOS = YES_AGGRESSIVE;
				GCC_WARN_UNUSED_FUNCTION = YES;
				GCC_WARN_UNUSED_VARIABLE = YES;
				IPHONEOS_DEPLOYMENT_TARGET = 14.5;
				MTL_ENABLE_DEBUG_INFO = INCLUDE_SOURCE;
				MTL_FAST_MATH = YES;
				ONLY_ACTIVE_ARCH = YES;
				SDKROOT = iphoneos;
				SWIFT_ACTIVE_COMPILATION_CONDITIONS = DEBUG;
				SWIFT_OPTIMIZATION_LEVEL = "-Onone";
			};
			name = Debug;
		};
		04A827F926DE21720029B9D9 /* Release */ = {
			isa = XCBuildConfiguration;
			buildSettings = {
				ALWAYS_SEARCH_USER_PATHS = NO;
				CLANG_ANALYZER_NONNULL = YES;
				CLANG_ANALYZER_NUMBER_OBJECT_CONVERSION = YES_AGGRESSIVE;
				CLANG_CXX_LANGUAGE_STANDARD = "gnu++14";
				CLANG_CXX_LIBRARY = "libc++";
				CLANG_ENABLE_MODULES = YES;
				CLANG_ENABLE_OBJC_ARC = YES;
				CLANG_ENABLE_OBJC_WEAK = YES;
				CLANG_WARN_BLOCK_CAPTURE_AUTORELEASING = YES;
				CLANG_WARN_BOOL_CONVERSION = YES;
				CLANG_WARN_COMMA = YES;
				CLANG_WARN_CONSTANT_CONVERSION = YES;
				CLANG_WARN_DEPRECATED_OBJC_IMPLEMENTATIONS = YES;
				CLANG_WARN_DIRECT_OBJC_ISA_USAGE = YES_ERROR;
				CLANG_WARN_DOCUMENTATION_COMMENTS = YES;
				CLANG_WARN_EMPTY_BODY = YES;
				CLANG_WARN_ENUM_CONVERSION = YES;
				CLANG_WARN_INFINITE_RECURSION = YES;
				CLANG_WARN_INT_CONVERSION = YES;
				CLANG_WARN_NON_LITERAL_NULL_CONVERSION = YES;
				CLANG_WARN_OBJC_IMPLICIT_RETAIN_SELF = YES;
				CLANG_WARN_OBJC_LITERAL_CONVERSION = YES;
				CLANG_WARN_OBJC_ROOT_CLASS = YES_ERROR;
				CLANG_WARN_QUOTED_INCLUDE_IN_FRAMEWORK_HEADER = YES;
				CLANG_WARN_RANGE_LOOP_ANALYSIS = YES;
				CLANG_WARN_STRICT_PROTOTYPES = YES;
				CLANG_WARN_SUSPICIOUS_MOVE = YES;
				CLANG_WARN_UNGUARDED_AVAILABILITY = YES_AGGRESSIVE;
				CLANG_WARN_UNREACHABLE_CODE = YES;
				CLANG_WARN__DUPLICATE_METHOD_MATCH = YES;
				COPY_PHASE_STRIP = NO;
				DEBUG_INFORMATION_FORMAT = "dwarf-with-dsym";
				ENABLE_NS_ASSERTIONS = NO;
				ENABLE_STRICT_OBJC_MSGSEND = YES;
				GCC_C_LANGUAGE_STANDARD = gnu11;
				GCC_NO_COMMON_BLOCKS = YES;
				GCC_WARN_64_TO_32_BIT_CONVERSION = YES;
				GCC_WARN_ABOUT_RETURN_TYPE = YES_ERROR;
				GCC_WARN_UNDECLARED_SELECTOR = YES;
				GCC_WARN_UNINITIALIZED_AUTOS = YES_AGGRESSIVE;
				GCC_WARN_UNUSED_FUNCTION = YES;
				GCC_WARN_UNUSED_VARIABLE = YES;
				IPHONEOS_DEPLOYMENT_TARGET = 14.5;
				MTL_ENABLE_DEBUG_INFO = NO;
				MTL_FAST_MATH = YES;
				SDKROOT = iphoneos;
				SWIFT_COMPILATION_MODE = wholemodule;
				SWIFT_OPTIMIZATION_LEVEL = "-O";
				VALIDATE_PRODUCT = YES;
			};
			name = Release;
		};
		04A827FB26DE21720029B9D9 /* Debug */ = {
			isa = XCBuildConfiguration;
			buildSettings = {
				ASSETCATALOG_COMPILER_APPICON_NAME = AppIcon;
				ASSETCATALOG_COMPILER_GLOBAL_ACCENT_COLOR_NAME = AccentColor;
				CODE_SIGN_STYLE = Automatic;
				DEVELOPMENT_ASSET_PATHS = "\"Landmarks/Preview Content\"";
				DEVELOPMENT_TEAM = 7SNK34Q9NL;
				ENABLE_PREVIEWS = YES;
				INFOPLIST_FILE = Landmarks/Info.plist;
				IPHONEOS_DEPLOYMENT_TARGET = 14.0;
				LD_RUNPATH_SEARCH_PATHS = (
					"$(inherited)",
					"@executable_path/Frameworks",
				);
				PRODUCT_BUNDLE_IDENTIFIER = dev.nullsafe.Landmarks;
				PRODUCT_NAME = "$(TARGET_NAME)";
				SWIFT_VERSION = 5.0;
				TARGETED_DEVICE_FAMILY = "1,2";
			};
			name = Debug;
		};
		04A827FC26DE21720029B9D9 /* Release */ = {
			isa = XCBuildConfiguration;
			buildSettings = {
				ASSETCATALOG_COMPILER_APPICON_NAME = AppIcon;
				ASSETCATALOG_COMPILER_GLOBAL_ACCENT_COLOR_NAME = AccentColor;
				CODE_SIGN_STYLE = Automatic;
				DEVELOPMENT_ASSET_PATHS = "\"Landmarks/Preview Content\"";
				DEVELOPMENT_TEAM = 7SNK34Q9NL;
				ENABLE_PREVIEWS = YES;
				INFOPLIST_FILE = Landmarks/Info.plist;
				IPHONEOS_DEPLOYMENT_TARGET = 14.0;
				LD_RUNPATH_SEARCH_PATHS = (
					"$(inherited)",
					"@executable_path/Frameworks",
				);
				PRODUCT_BUNDLE_IDENTIFIER = dev.nullsafe.Landmarks;
				PRODUCT_NAME = "$(TARGET_NAME)";
				SWIFT_VERSION = 5.0;
				TARGETED_DEVICE_FAMILY = "1,2";
			};
			name = Release;
		};
/* End XCBuildConfiguration section */

/* Begin XCConfigurationList section */
		04A827E626DE21710029B9D9 /* Build configuration list for PBXProject "Landmarks" */ = {
			isa = XCConfigurationList;
			buildConfigurations = (
				04A827F826DE21720029B9D9 /* Debug */,
				04A827F926DE21720029B9D9 /* Release */,
			);
			defaultConfigurationIsVisible = 0;
			defaultConfigurationName = Release;
		};
		04A827FA26DE21720029B9D9 /* Build configuration list for PBXNativeTarget "Landmarks" */ = {
			isa = XCConfigurationList;
			buildConfigurations = (
				04A827FB26DE21720029B9D9 /* Debug */,
				04A827FC26DE21720029B9D9 /* Release */,
			);
			defaultConfigurationIsVisible = 0;
			defaultConfigurationName = Release;
		};
/* End XCConfigurationList section */
	};
	rootObject = 04A827E326DE21710029B9D9 /* Project object */;
}
